
Microsoft Visual Studio Solution File, Format Version 12.00
# Visual Studio Version 17
VisualStudioVersion = 17.7.34202.233
MinimumVisualStudioVersion = 10.0.40219.1
Project("{FAE04EC0-301F-11D3-BF4B-00C04F79EFBC}") = "practica 12", "practica 12.csproj", "{9F74EE23-C453-4015-BEB8-B97531F70A0E}"
EndProject
Global
	GlobalSection(SolutionConfigurationPlatforms) = preSolution
		Debug|Any CPU = Debug|Any CPU
		Release|Any CPU = Release|Any CPU
	EndGlobalSection
	GlobalSection(ProjectConfigurationPlatforms) = postSolution
		{9F74EE23-C453-4015-BEB8-B97531F70A0E}.Debug|Any CPU.ActiveCfg = Debug|Any CPU
		{9F74EE23-C453-4015-BEB8-B97531F70A0E}.Debug|Any CPU.Build.0 = Debug|Any CPU
		{9F74EE23-C453-4015-BEB8-B97531F70A0E}.Release|Any CPU.ActiveCfg = Release|Any CPU
		{9F74EE23-C453-4015-BEB8-B97531F70A0E}.Release|Any CPU.Build.0 = Release|Any CPU
	EndGlobalSection
	GlobalSection(SolutionProperties) = preSolution
		HideSolutionNode = FALSE
	EndGlobalSection
	GlobalSection(ExtensibilityGlobals) = postSolution
		SolutionGuid = {5FA95715-8317-44D7-9C8A-76E21D05781C}
	EndGlobalSection
EndGlobal
